
Microsoft Visual Studio Solution File, Format Version 12.00
# Visual Studio 15
VisualStudioVersion = 15.0.28307.421
MinimumVisualStudioVersion = 10.0.40219.1
Project("{FAE04EC0-301F-11D3-BF4B-00C04F79EFBC}") = "ProgrammingChallenges", "ProgrammingChallenges\ProgrammingChallenges.csproj", "{EF6219D1-E6CD-4DC2-97B9-1CC62E97FD70}"
EndProject
Project("{FAE04EC0-301F-11D3-BF4B-00C04F79EFBC}") = "ProgrammingChallengeTests", "ProgrammingChallengeTests\ProgrammingChallengeTests.csproj", "{5B00691F-6F66-4BF6-9464-E53E8FFF22EC}"
EndProject
Global
	GlobalSection(SolutionConfigurationPlatforms) = preSolution
		Debug|Any CPU = Debug|Any CPU
		Release|Any CPU = Release|Any CPU
	EndGlobalSection
	GlobalSection(ProjectConfigurationPlatforms) = postSolution
		{EF6219D1-E6CD-4DC2-97B9-1CC62E97FD70}.Debug|Any CPU.ActiveCfg = Debug|Any CPU
		{EF6219D1-E6CD-4DC2-97B9-1CC62E97FD70}.Debug|Any CPU.Build.0 = Debug|Any CPU
		{EF6219D1-E6CD-4DC2-97B9-1CC62E97FD70}.Release|Any CPU.ActiveCfg = Release|Any CPU
		{EF6219D1-E6CD-4DC2-97B9-1CC62E97FD70}.Release|Any CPU.Build.0 = Release|Any CPU
		{5B00691F-6F66-4BF6-9464-E53E8FFF22EC}.Debug|Any CPU.ActiveCfg = Debug|Any CPU
		{5B00691F-6F66-4BF6-9464-E53E8FFF22EC}.Debug|Any CPU.Build.0 = Debug|Any CPU
		{5B00691F-6F66-4BF6-9464-E53E8FFF22EC}.Release|Any CPU.ActiveCfg = Release|Any CPU
		{5B00691F-6F66-4BF6-9464-E53E8FFF22EC}.Release|Any CPU.Build.0 = Release|Any CPU
	EndGlobalSection
	GlobalSection(SolutionProperties) = preSolution
		HideSolutionNode = FALSE
	EndGlobalSection
	GlobalSection(ExtensibilityGlobals) = postSolution
		SolutionGuid = {19FA52CB-2F50-4631-A544-7AD9F06C53A1}
	EndGlobalSection
EndGlobal
